
Microsoft Visual Studio Solution File, Format Version 12.00
# Visual Studio Version 17
VisualStudioVersion = 17.8.34511.84
MinimumVisualStudioVersion = 10.0.40219.1
Project("{FAE04EC0-301F-11D3-BF4B-00C04F79EFBC}") = "NZWalks.API", "NZWalks.API\NZWalks.API.csproj", "{42FB16FF-FA96-42B5-B311-E27FB4342418}"
EndProject
Global
	GlobalSection(SolutionConfigurationPlatforms) = preSolution
		Debug|Any CPU = Debug|Any CPU
		Release|Any CPU = Release|Any CPU
	EndGlobalSection
	GlobalSection(ProjectConfigurationPlatforms) = postSolution
		{42FB16FF-FA96-42B5-B311-E27FB4342418}.Debug|Any CPU.ActiveCfg = Debug|Any CPU
		{42FB16FF-FA96-42B5-B311-E27FB4342418}.Debug|Any CPU.Build.0 = Debug|Any CPU
		{42FB16FF-FA96-42B5-B311-E27FB4342418}.Release|Any CPU.ActiveCfg = Release|Any CPU
		{42FB16FF-FA96-42B5-B311-E27FB4342418}.Release|Any CPU.Build.0 = Release|Any CPU
	EndGlobalSection
	GlobalSection(SolutionProperties) = preSolution
		HideSolutionNode = FALSE
	EndGlobalSection
	GlobalSection(ExtensibilityGlobals) = postSolution
		SolutionGuid = {432057A5-951C-4467-8195-6F8D756B559D}
	EndGlobalSection
EndGlobal
